version = 1
revision = 2
requires-python = ">=3.13"

[[package]]
name = "asgiref"
version = "3.11.0"
source = { registry = "https://pypi.org/simple" }
sdist = { url = "https://files.pythonhosted.org/packages/76/b9/4db2509eabd14b4a8c71d1b24c8d5734c52b8560a7b1e1a8b56c8d25568b/asgiref-3.11.0.tar.gz", hash = "sha256:13acff32519542a1736223fb79a715acdebe24286d98e8b164a73085f40da2c4", size = 37969, upload-time = "2025-11-19T15:32:20.106Z" }
wheels = [
    { url = "https://files.pythonhosted.org/packages/91/be/317c2c55b8bbec407257d45f5c8d1b6867abc76d12043f2d3d58c538a4ea/asgiref-3.11.0-py3-none-any.whl", hash = "sha256:1db9021efadb0d9512ce8ffaf72fcef601c7b73a8807a1bb2ef143dc6b14846d", size = 24096, upload-time = "2025-11-19T15:32:19.004Z" },
]

[[package]]
name = "django"
version = "6.0.1"
source = { registry = "https://pypi.org/simple" }
dependencies = [
    { name = "asgiref" },
    { name = "sqlparse" },
    { name = "tzdata", marker = "sys_platform == 'win32'" },
]
sdist = { url = "https://files.pythonhosted.org/packages/b5/9b/016f7e55e855ee738a352b05139d4f8b278d0b451bd01ebef07456ef3b0e/django-6.0.1.tar.gz", hash = "sha256:ed76a7af4da21551573b3d9dfc1f53e20dd2e6c7d70a3adc93eedb6338130a5f", size = 11069565, upload-time = "2026-01-06T18:55:53.069Z" }
wheels = [
    { url = "https://files.pythonhosted.org/packages/95/b5/814ed98bd21235c116fd3436a7ed44d47560329a6d694ec8aac2982dbb93/django-6.0.1-py3-none-any.whl", hash = "sha256:a92a4ff14f664a896f9849009cb8afaca7abe0d6fc53325f3d1895a15253433d", size = 8338791, upload-time = "2026-01-06T18:55:46.175Z" },
]

[[package]]
name = "fastavro"
version = "1.12.1"
source = { registry = "https://pypi.org/simple" }
sdist = { url = "https://files.pythonhosted.org/packages/65/8b/fa2d3287fd2267be6261d0177c6809a7fa12c5600ddb33490c8dc29e77b2/fastavro-1.12.1.tar.gz", hash = "sha256:2f285be49e45bc047ab2f6bed040bb349da85db3f3c87880e4b92595ea093b2b", size = 1025661, upload-time = "2025-10-10T15:40:55.41Z" }
wheels = [
    { url = "https://files.pythonhosted.org/packages/bb/57/26d5efef9182392d5ac9f253953c856ccb66e4c549fd3176a1e94efb05c9/fastavro-1.12.1-cp313-cp313-macosx_10_13_universal2.whl", hash = "sha256:78df838351e4dff9edd10a1c41d1324131ffecbadefb9c297d612ef5363c049a", size = 1000599, upload-time = "2025-10-10T15:41:36.554Z" },
    { url = "https://files.pythonhosted.org/packages/33/cb/8ab55b21d018178eb126007a56bde14fd01c0afc11d20b5f2624fe01e698/fastavro-1.12.1-cp313-cp313-manylinux2014_aarch64.manylinux_2_17_aarch64.manylinux_2_28_aarch64.whl", hash = "sha256:780476c23175d2ae457c52f45b9ffa9d504593499a36cd3c1929662bf5b7b14b", size = 3335933, upload-time = "2025-10-10T15:41:39.07Z" },
    { url = "https://files.pythonhosted.org/packages/fe/03/9c94ec9bf873eb1ffb0aa694f4e71940154e6e9728ddfdc46046d7e8ced4/fastavro-1.12.1-cp313-cp313-manylinux2014_x86_64.manylinux_2_17_x86_64.manylinux_2_28_x86_64.whl", hash = "sha256:0714b285160fcd515eb0455540f40dd6dac93bdeacdb03f24e8eac3d8aa51f8d", size = 3402066, upload-time = "2025-10-10T15:41:41.608Z" },
    { url = "https://files.pythonhosted.org/packages/75/c8/cb472347c5a584ccb8777a649ebb28278fccea39d005fc7df19996f41df8/fastavro-1.12.1-cp313-cp313-musllinux_1_2_aarch64.whl", hash = "sha256:a8bc2dcec5843d499f2489bfe0747999108f78c5b29295d877379f1972a3d41a", size = 3240038, upload-time = "2025-10-10T15:41:43.743Z" },
    { url = "https://files.pythonhosted.org/packages/e1/77/569ce9474c40304b3a09e109494e020462b83e405545b78069ddba5f614e/fastavro-1.12.1-cp313-cp313-musllinux_1_2_x86_64.whl", hash = "sha256:3b1921ac35f3d89090a5816b626cf46e67dbecf3f054131f84d56b4e70496f45", size = 3369398, upload-time = "2025-10-10T15:41:45.719Z" },
    { url = "https://files.pythonhosted.org/packages/4a/1f/9589e35e9ea68035385db7bdbf500d36b8891db474063fb1ccc8215ee37c/fastavro-1.12.1-cp313-cp313-win_amd64.whl", hash = "sha256:5aa777b8ee595b50aa084104cd70670bf25a7bbb9fd8bb5d07524b0785ee1699", size = 444220, upload-time = "2025-10-10T15:41:47.39Z" },
    { url = "https://files.pythonhosted.org/packages/6c/d2/78435fe737df94bd8db2234b2100f5453737cffd29adee2504a2b013de84/fastavro-1.12.1-cp313-cp313t-macosx_10_13_universal2.whl", hash = "sha256:c3d67c47f177e486640404a56f2f50b165fe892cc343ac3a34673b80cc7f1dd6", size = 1086611, upload-time = "2025-10-10T15:41:48.818Z" },
    { url = "https://files.pythonhosted.org/packages/b6/be/428f99b10157230ddac77ec8cc167005b29e2bd5cbe228345192bb645f30/fastavro-1.12.1-cp313-cp313t-manylinux2014_aarch64.manylinux_2_17_aarch64.manylinux_2_28_aarch64.whl", hash = "sha256:5217f773492bac43dae15ff2931432bce2d7a80be7039685a78d3fab7df910bd", size = 3541001, upload-time = "2025-10-10T15:41:50.871Z" },
    { url = "https://files.pythonhosted.org/packages/16/08/a2eea4f20b85897740efe44887e1ac08f30dfa4bfc3de8962bdcbb21a5a1/fastavro-1.12.1-cp313-cp313t-manylinux2014_x86_64.manylinux_2_17_x86_64.manylinux_2_28_x86_64.whl", hash = "sha256:469fecb25cba07f2e1bfa4c8d008477cd6b5b34a59d48715e1b1a73f6160097d", size = 3432217, upload-time = "2025-10-10T15:41:53.149Z" },
    { url = "https://files.pythonhosted.org/packages/87/bb/b4c620b9eb6e9838c7f7e4b7be0762834443adf9daeb252a214e9ad3178c/fastavro-1.12.1-cp313-cp313t-musllinux_1_2_aarch64.whl", hash = "sha256:d71c8aa841ef65cfab709a22bb887955f42934bced3ddb571e98fdbdade4c609", size = 3366742, upload-time = "2025-10-10T15:41:55.237Z" },
    { url = "https://files.pythonhosted.org/packages/3d/d1/e69534ccdd5368350646fea7d93be39e5f77c614cca825c990bd9ca58f67/fastavro-1.12.1-cp313-cp313t-musllinux_1_2_x86_64.whl", hash = "sha256:b81fc04e85dfccf7c028e0580c606e33aa8472370b767ef058aae2c674a90746", size = 3383743, upload-time = "2025-10-10T15:41:57.68Z" },
    { url = "https://files.pythonhosted.org/packages/58/54/b7b4a0c3fb5fcba38128542da1b26c4e6d69933c923f493548bdfd63ab6a/fastavro-1.12.1-cp314-cp314-macosx_10_15_universal2.whl", hash = "sha256:9445da127751ba65975d8e4bdabf36bfcfdad70fc35b2d988e3950cce0ec0e7c", size = 1001377, upload-time = "2025-10-10T15:41:59.241Z" },
    { url = "https://files.pythonhosted.org/packages/1e/4f/0e589089c7df0d8f57d7e5293fdc34efec9a3b758a0d4d0c99a7937e2492/fastavro-1.12.1-cp314-cp314-manylinux2014_aarch64.manylinux_2_17_aarch64.manylinux_2_28_aarch64.whl", hash = "sha256:ed924233272719b5d5a6a0b4d80ef3345fc7e84fc7a382b6232192a9112d38a6", size = 3320401, upload-time = "2025-10-10T15:42:01.682Z" },
    { url = "https://files.pythonhosted.org/packages/f9/19/260110d56194ae29d7e423a336fccea8bcd103196d00f0b364b732bdb84e/fastavro-1.12.1-cp314-cp314-manylinux2014_x86_64.manylinux_2_17_x86_64.manylinux_2_28_x86_64.whl", hash = "sha256:3616e2f0e1c9265e92954fa099db79c6e7817356d3ff34f4bcc92699ae99697c", size = 3350894, upload-time = "2025-10-10T15:42:04.073Z" },
    { url = "https://files.pythonhosted.org/packages/d0/96/58b0411e8be9694d5972bee3167d6c1fd1fdfdf7ce253c1a19a327208f4f/fastavro-1.12.1-cp314-cp314-musllinux_1_2_aarch64.whl", hash = "sha256:cb0337b42fd3c047fcf0e9b7597bd6ad25868de719f29da81eabb6343f08d399", size = 3229644, upload-time = "2025-10-10T15:42:06.221Z" },
    { url = "https://files.pythonhosted.org/packages/5b/db/38660660eac82c30471d9101f45b3acfdcbadfe42d8f7cdb129459a45050/fastavro-1.12.1-cp314-cp314-musllinux_1_2_x86_64.whl", hash = "sha256:64961ab15b74b7c168717bbece5660e0f3d457837c3cc9d9145181d011199fa7", size = 3329704, upload-time = "2025-10-10T15:42:08.384Z" },
    { url = "https://files.pythonhosted.org/packages/9d/a9/1672910f458ecb30b596c9e59e41b7c00309b602a0494341451e92e62747/fastavro-1.12.1-cp314-cp314-win_amd64.whl", hash = "sha256:792356d320f6e757e89f7ac9c22f481e546c886454a6709247f43c0dd7058004", size = 452911, upload-time = "2025-10-10T15:42:09.795Z" },
    { url = "https://files.pythonhosted.org/packages/dc/8d/2e15d0938ded1891b33eff252e8500605508b799c2e57188a933f0bd744c/fastavro-1.12.1-cp314-cp314t-manylinux2014_aarch64.manylinux_2_17_aarch64.manylinux_2_28_aarch64.whl", hash = "sha256:120aaf82ac19d60a1016afe410935fe94728752d9c2d684e267e5b7f0e70f6d9", size = 3541999, upload-time = "2025-10-10T15:42:11.794Z" },
    { url = "https://files.pythonhosted.org/packages/a7/1c/6dfd082a205be4510543221b734b1191299e6a1810c452b6bc76dfa6968e/fastavro-1.12.1-cp314-cp314t-manylinux2014_x86_64.manylinux_2_17_x86_64.manylinux_2_28_x86_64.whl", hash = "sha256:b6a3462934b20a74f9ece1daa49c2e4e749bd9a35fa2657b53bf62898fba80f5", size = 3433972, upload-time = "2025-10-10T15:42:14.485Z" },
    { url = "https://files.pythonhosted.org/packages/24/90/9de694625a1a4b727b1ad0958d220cab25a9b6cf7f16a5c7faa9ea7b2261/fastavro-1.12.1-cp314-cp314t-musllinux_1_2_aarch64.whl", hash = "sha256:1f81011d54dd47b12437b51dd93a70a9aa17b61307abf26542fc3c13efbc6c51", size = 3368752, upload-time = "2025-10-10T15:42:16.618Z" },
    { url = "https://files.pythonhosted.org/packages/fa/93/b44f67589e4d439913dab6720f7e3507b0fa8b8e56d06f6fc875ced26afb/fastavro-1.12.1-cp314-cp314t-musllinux_1_2_x86_64.whl", hash = "sha256:43ded16b3f4a9f1a42f5970c2aa618acb23ea59c4fcaa06680bdf470b255e5a8", size = 3386636, upload-time = "2025-10-10T15:42:18.974Z" },
]

[[package]]
name = "formengine"
version = "0.1.0"
source = { virtual = "." }
dependencies = [
    { name = "django" },
    { name = "fastavro" },
]

[package.metadata]
requires-dist = [
    { name = "django", specifier = ">=6.0.1" },
    { name = "fastavro", specifier = ">=1.12.1" },
]

[[package]]
name = "sqlparse"
version = "0.5.5"
source = { registry = "https://pypi.org/simple" }
sdist = { url = "https://files.pythonhosted.org/packages/90/76/437d71068094df0726366574cf3432a4ed754217b436eb7429415cf2d480/sqlparse-0.5.5.tar.gz", hash = "sha256:e20d4a9b0b8585fdf63b10d30066c7c94c5d7a7ec47c889a2d83a3caa93ff28e", size = 120815, upload-time = "2025-12-19T07:17:45.073Z" }
wheels = [
    { url = "https://files.pythonhosted.org/packages/49/4b/359f28a903c13438ef59ebeee215fb25da53066db67b305c125f1c6d2a25/sqlparse-0.5.5-py3-none-any.whl", hash = "sha256:12a08b3bf3eec877c519589833aed092e2444e68240a3577e8e26148acc7b1ba", size = 46138, upload-time = "2025-12-19T07:17:46.573Z" },
]

[[package]]
name = "tzdata"
version = "2025.3"
source = { registry = "https://pypi.org/simple" }
sdist = { url = "https://files.pythonhosted.org/packages/5e/a7/c202b344c5ca7daf398f3b8a477eeb205cf3b6f32e7ec3a6bac0629ca975/tzdata-2025.3.tar.gz", hash = "sha256:de39c2ca5dc7b0344f2eba86f49d614019d29f060fc4ebc8a417896a620b56a7", size = 196772, upload-time = "2025-12-13T17:45:35.667Z" }
wheels = [
    { url = "https://files.pythonhosted.org/packages/c7/b0/003792df09decd6849a5e39c28b513c06e84436a54440380862b5aeff25d/tzdata-2025.3-py2.py3-none-any.whl", hash = "sha256:06a47e5700f3081aab02b2e513160914ff0694bce9947d6b76ebd6bf57cfc5d1", size = 348521, upload-time = "2025-12-13T17:45:33.889Z" },
]
